
Microsoft Visual Studio Solution File, Format Version 12.00
Project("{FAE04EC0-301F-11D3-BF4B-00C04F79EFBC}") = "OGEInflow", "OGEInflow\OGEInflow\OGEInflow.csproj", "{FBE1FA0F-0EBC-40F6-9B85-E1BA64B3F34A}"
EndProject
Project("{FAE04EC0-301F-11D3-BF4B-00C04F79EFBC}") = "OGEInflow.Client", "OGEInflow\OGEInflow.Client\OGEInflow.Client.csproj", "{15980710-95C7-4F71-9E58-8D5274888715}"
EndProject
Global
	GlobalSection(SolutionConfigurationPlatforms) = preSolution
		Debug|Any CPU = Debug|Any CPU
		Release|Any CPU = Release|Any CPU
	EndGlobalSection
	GlobalSection(ProjectConfigurationPlatforms) = postSolution
		{FBE1FA0F-0EBC-40F6-9B85-E1BA64B3F34A}.Debug|Any CPU.ActiveCfg = Debug|Any CPU
		{FBE1FA0F-0EBC-40F6-9B85-E1BA64B3F34A}.Debug|Any CPU.Build.0 = Debug|Any CPU
		{FBE1FA0F-0EBC-40F6-9B85-E1BA64B3F34A}.Release|Any CPU.ActiveCfg = Release|Any CPU
		{FBE1FA0F-0EBC-40F6-9B85-E1BA64B3F34A}.Release|Any CPU.Build.0 = Release|Any CPU
		{15980710-95C7-4F71-9E58-8D5274888715}.Debug|Any CPU.ActiveCfg = Debug|Any CPU
		{15980710-95C7-4F71-9E58-8D5274888715}.Debug|Any CPU.Build.0 = Debug|Any CPU
		{15980710-95C7-4F71-9E58-8D5274888715}.Release|Any CPU.ActiveCfg = Release|Any CPU
		{15980710-95C7-4F71-9E58-8D5274888715}.Release|Any CPU.Build.0 = Release|Any CPU
	EndGlobalSection
EndGlobal
